# This file is automatically @generated by Poetry 2.1.3 and should not be changed by hand.

[[package]]
name = "async-pyserial"
version = "0.2.3"
description = "Python bindings for a C++ serial port library"
optional = false
python-versions = ">=3.8"
groups = ["main"]
files = [
    {file = "async_pyserial-0.2.3-cp310-cp310-macosx_11_0_arm64.whl", hash = "sha256:2ce1ce7b7e79e37fb8a1ebcbeea4253faa154f5e3c0c58bdd610b06764121422"},
    {file = "async_pyserial-0.2.3-cp310-cp310-manylinux_2_17_i686.manylinux2014_i686.whl", hash = "sha256:d1c30f497bb491515ca1b8a4709ef5bec944614e18fcd6ffd2048da680a7aacb"},
    {file = "async_pyserial-0.2.3-cp310-cp310-manylinux_2_17_x86_64.manylinux2014_x86_64.whl", hash = "sha256:0d3aeb2a31ed9a807fc46ac36261b85e1ea189b2c6e3d50729d97e12886a6e69"},
    {file = "async_pyserial-0.2.3-cp310-cp310-musllinux_1_2_i686.whl", hash = "sha256:31f853745cbacbb8710398a6d968974934786e44170b6eb34227335650eb2e00"},
    {file = "async_pyserial-0.2.3-cp310-cp310-musllinux_1_2_x86_64.whl", hash = "sha256:3f5880cad9c19773cf562e91ee42b93869b72a29bae240c0e61481cd8e269043"},
    {file = "async_pyserial-0.2.3-cp310-cp310-win32.whl", hash = "sha256:2f8fa2611c56d7e336e312e21c855f2aac210253de4a7f45bdb2d2fc0a38bdd0"},
    {file = "async_pyserial-0.2.3-cp310-cp310-win_amd64.whl", hash = "sha256:eac7c563dea8a6ddb5b0aa8aa41f0cb08d4ee34b23cd9310cf6122e4a915db8d"},
    {file = "async_pyserial-0.2.3-cp311-cp311-macosx_11_0_arm64.whl", hash = "sha256:d6880effcc946297bfbe0a71f9ee461f70d501fb30160ac51ba55e655a4ca0ef"},
    {file = "async_pyserial-0.2.3-cp311-cp311-manylinux_2_17_i686.manylinux2014_i686.whl", hash = "sha256:e6dad948cdb0fa44624784ae0e50ae2a2612002c05a54f006e65ccee183e9edc"},
    {file = "async_pyserial-0.2.3-cp311-cp311-manylinux_2_17_x86_64.manylinux2014_x86_64.whl", hash = "sha256:3e88009ec46b6ad18a3cdb51c66f4979e757a553cfc96453209a094b7eeb709c"},
    {file = "async_pyserial-0.2.3-cp311-cp311-musllinux_1_2_i686.whl", hash = "sha256:a6166d2c5bc481a4bed7489c4fe36bc6fbcaf6eb057a7fc1d0c3bd8d1d71bf19"},
    {file = "async_pyserial-0.2.3-cp311-cp311-musllinux_1_2_x86_64.whl", hash = "sha256:59df78b0a2eaa2347368b5e59926637d531f615557eb0403d25f0937c9c817e1"},
    {file = "async_pyserial-0.2.3-cp311-cp311-win32.whl", hash = "sha256:4f3e964860fda628125767d4611cc12bd44b4d0abe2bb66b58eb3dbdd2ce4189"},
    {file = "async_pyserial-0.2.3-cp311-cp311-win_amd64.whl", hash = "sha256:c6ccd2ca48a152e8663133bfa020b0329961c375b7aa3549274036c04b60aa57"},
    {file = "async_pyserial-0.2.3-cp312-cp312-macosx_11_0_arm64.whl", hash = "sha256:59938d148f31e6cb197f958ed6691cfe16b48f4a09aa80eda07ac3a3b2c61368"},
    {file = "async_pyserial-0.2.3-cp312-cp312-manylinux_2_17_i686.manylinux2014_i686.whl", hash = "sha256:5a229a79bbe72852fe50281e671de055c981d7ef5dfb974d43b87bb6efe0093e"},
    {file = "async_pyserial-0.2.3-cp312-cp312-manylinux_2_17_x86_64.manylinux2014_x86_64.whl", hash = "sha256:17d3a61acc9c1f5d868fcb5d688a6dcceffadcd536ce3a7a3c140182b605929e"},
    {file = "async_pyserial-0.2.3-cp312-cp312-musllinux_1_2_i686.whl", hash = "sha256:f8e8a6aff8cb610e68dcafb9797619c099632ac215c8dea18723924d133336ba"},
    {file = "async_pyserial-0.2.3-cp312-cp312-musllinux_1_2_x86_64.whl", hash = "sha256:9acaed515fe0f72e3eee23973cd38590bb6af3a13b29c40d8fa45f181875e566"},
    {file = "async_pyserial-0.2.3-cp312-cp312-win32.whl", hash = "sha256:094ba27a7357cc1a2f798c9724a1900fc2a69e31852ea8b054c2e07ab842a5c2"},
    {file = "async_pyserial-0.2.3-cp312-cp312-win_amd64.whl", hash = "sha256:593d1eaee25ab4ed50ef57e8db0836d88720926e81feaf0293ae7805d4130b3e"},
    {file = "async_pyserial-0.2.3-cp313-cp313-macosx_11_0_arm64.whl", hash = "sha256:aca02686f9a2e71f318c391729ce6dbdaace83407522d917cca36433954f0da0"},
    {file = "async_pyserial-0.2.3-cp313-cp313-manylinux_2_17_i686.manylinux2014_i686.whl", hash = "sha256:ab2485f9b4949fcd5ed2b981e332862735fa5984c08afba5e4f5546c5b46fc4d"},
    {file = "async_pyserial-0.2.3-cp313-cp313-manylinux_2_17_x86_64.manylinux2014_x86_64.whl", hash = "sha256:0c43e3918a14a7064d6e19fa012a3ad008890bb4776cfd1fd99b74f32060855e"},
    {file = "async_pyserial-0.2.3-cp313-cp313-musllinux_1_2_i686.whl", hash = "sha256:20c16df837c7356c0105d7f9d734f4012988d5d6ebf863519225434cb5e20901"},
    {file = "async_pyserial-0.2.3-cp313-cp313-musllinux_1_2_x86_64.whl", hash = "sha256:4b994bccff614b2a76a00e6c799ef42e9ea8a486a39b1e623509716cec40fd53"},
    {file = "async_pyserial-0.2.3-cp313-cp313-win32.whl", hash = "sha256:642ce553ad570581a427fa5dc5a23f0f79aeec510490909d4e6780ab415b835c"},
    {file = "async_pyserial-0.2.3-cp313-cp313-win_amd64.whl", hash = "sha256:3fab36444d7676e7fd22a8c1033fc870cd524f68cf3d75debca5b82ed71c5dd9"},
    {file = "async_pyserial-0.2.3-cp38-cp38-macosx_11_0_arm64.whl", hash = "sha256:2d77dd4b5ea5b66a75ed8555734035c6357bdeb44591cf601fe394bfbe0d2035"},
    {file = "async_pyserial-0.2.3-cp38-cp38-manylinux_2_17_i686.manylinux2014_i686.whl", hash = "sha256:e588590f7e142a0dd509bb191c32f0d7c4254ef94dc763ecffde4834822415a0"},
    {file = "async_pyserial-0.2.3-cp38-cp38-manylinux_2_17_x86_64.manylinux2014_x86_64.whl", hash = "sha256:2eb82102231e3c5a216f61b99843168f46d7f20c11e9e068f016cf6435be4f40"},
    {file = "async_pyserial-0.2.3-cp38-cp38-musllinux_1_2_i686.whl", hash = "sha256:8b3bfa5556e12f93d67fec262345dab906b860fe7d36054ce69930f5a5a3a442"},
    {file = "async_pyserial-0.2.3-cp38-cp38-musllinux_1_2_x86_64.whl", hash = "sha256:2aa694574ebf4f54f712c83bc4598e90151b97aa76cc2f85fc98ba3a77573539"},
    {file = "async_pyserial-0.2.3-cp38-cp38-win32.whl", hash = "sha256:b158c738d54dd3bffaf1547e2d450a58ceb5e7371f50f9097b66fae1a52959d0"},
    {file = "async_pyserial-0.2.3-cp38-cp38-win_amd64.whl", hash = "sha256:b6beed3a12e1c5eaa55c21915b8e52ca3cd828c502b741dfe91dd2c6d6ea3112"},
    {file = "async_pyserial-0.2.3-cp39-cp39-macosx_11_0_arm64.whl", hash = "sha256:21ed44bcf108cd453fe1ada3a2096485bdb25f5671df21effc20eca17f3a89a1"},
    {file = "async_pyserial-0.2.3-cp39-cp39-manylinux_2_17_i686.manylinux2014_i686.whl", hash = "sha256:d6235d5577b7c0ea58e48a75f694b9d3bf73114ef53eb9f98e6905448ac38702"},
    {file = "async_pyserial-0.2.3-cp39-cp39-manylinux_2_17_x86_64.manylinux2014_x86_64.whl", hash = "sha256:1b51d108816c78ead308acc66ef98186481a32c8c51d2f34b05393933789ce78"},
    {file = "async_pyserial-0.2.3-cp39-cp39-musllinux_1_2_i686.whl", hash = "sha256:78005f4cca8b20869fb785fbdf1cfec25a7cb0e1a0c51961cf45534477001dde"},
    {file = "async_pyserial-0.2.3-cp39-cp39-musllinux_1_2_x86_64.whl", hash = "sha256:7159341479d6b80bd459e359fc91a01be091eb5e70a119a7e790b2426e256337"},
    {file = "async_pyserial-0.2.3-cp39-cp39-win32.whl", hash = "sha256:f7763e4aa88076bc0c9d884ebc5e44fcc55642b08c5b8f5f332e8fa88469be0a"},
    {file = "async_pyserial-0.2.3-cp39-cp39-win_amd64.whl", hash = "sha256:800aebb9e86e484c3739c349b7d6e45c545266c15c70735251d2fd6d43370a2b"},
    {file = "async_pyserial-0.2.3-pp310-pypy310_pp73-macosx_11_0_arm64.whl", hash = "sha256:22452c8add19b345bdad094d4d307e10dfc64701a7e45f63798591699459ea1c"},
    {file = "async_pyserial-0.2.3-pp310-pypy310_pp73-manylinux_2_17_i686.manylinux2014_i686.whl", hash = "sha256:907fb5aee62ee457073bc9dd551e19b3761bbb352a2b731d8015edf6107c98c6"},
    {file = "async_pyserial-0.2.3-pp310-pypy310_pp73-manylinux_2_17_x86_64.manylinux2014_x86_64.whl", hash = "sha256:d81b7f2ec52f7b44a03230784bbee51d1eca90cdcc51fa3845cf6899442ed4bf"},
    {file = "async_pyserial-0.2.3-pp310-pypy310_pp73-win_amd64.whl", hash = "sha256:6067d7563508dfde9e084c6b5591c6b3e9f3c18f287254cabf14e055756014cc"},
    {file = "async_pyserial-0.2.3-pp38-pypy38_pp73-macosx_11_0_arm64.whl", hash = "sha256:4aa883f7e0951aa572a89aeb99903c778213aefa35132901d78310cbbd5a4847"},
    {file = "async_pyserial-0.2.3-pp38-pypy38_pp73-manylinux_2_17_i686.manylinux2014_i686.whl", hash = "sha256:dab76bb0377ab9e5b403c509cda60172e36c789502d6fe03a785b86dbe25a494"},
    {file = "async_pyserial-0.2.3-pp38-pypy38_pp73-manylinux_2_17_x86_64.manylinux2014_x86_64.whl", hash = "sha256:25acda7648d6603338739cbb5aac46b3cd91b60032cd04f567cacfc39d412be8"},
    {file = "async_pyserial-0.2.3-pp38-pypy38_pp73-win_amd64.whl", hash = "sha256:63f020ca91f61d806bcaba7211d8fcda4140ba3846947bfdaea683247222afbf"},
    {file = "async_pyserial-0.2.3-pp39-pypy39_pp73-macosx_11_0_arm64.whl", hash = "sha256:87a0b8fef0ae19e973e5ec24cf2cfae98371004248d0465292a8368198a911ce"},
    {file = "async_pyserial-0.2.3-pp39-pypy39_pp73-manylinux_2_17_i686.manylinux2014_i686.whl", hash = "sha256:9236248d69d30dff1a6732a9a97bbf58e1f96131f14c2fb7e251f33d98f27806"},
    {file = "async_pyserial-0.2.3-pp39-pypy39_pp73-manylinux_2_17_x86_64.manylinux2014_x86_64.whl", hash = "sha256:3e0c590609f64c7b816b9926c933d6b0fc657bb7aa534806652ef2f82c8d4043"},
    {file = "async_pyserial-0.2.3-pp39-pypy39_pp73-win_amd64.whl", hash = "sha256:74c4afa7acd74289b5acd182bd56c784403dc22b8d18e21170bf6df17c6272c6"},
    {file = "async_pyserial-0.2.3.tar.gz", hash = "sha256:9dbda6c55b0e23a96def65043d0e64992488dbac0bbfcdfb0e85c495b1f5b090"},
]

[[package]]
name = "mypy"
version = "1.15.0"
description = "Optional static typing for Python"
optional = true
python-versions = ">=3.9"
groups = ["main"]
markers = "extra == \"mypy\""
files = [
    {file = "mypy-1.15.0-cp310-cp310-macosx_10_9_x86_64.whl", hash = "sha256:979e4e1a006511dacf628e36fadfecbcc0160a8af6ca7dad2f5025529e082c13"},
    {file = "mypy-1.15.0-cp310-cp310-macosx_11_0_arm64.whl", hash = "sha256:c4bb0e1bd29f7d34efcccd71cf733580191e9a264a2202b0239da95984c5b559"},
    {file = "mypy-1.15.0-cp310-cp310-manylinux_2_17_aarch64.manylinux2014_aarch64.manylinux_2_28_aarch64.whl", hash = "sha256:be68172e9fd9ad8fb876c6389f16d1c1b5f100ffa779f77b1fb2176fcc9ab95b"},
    {file = "mypy-1.15.0-cp310-cp310-manylinux_2_17_x86_64.manylinux2014_x86_64.manylinux_2_28_x86_64.whl", hash = "sha256:c7be1e46525adfa0d97681432ee9fcd61a3964c2446795714699a998d193f1a3"},
    {file = "mypy-1.15.0-cp310-cp310-musllinux_1_2_x86_64.whl", hash = "sha256:2e2c2e6d3593f6451b18588848e66260ff62ccca522dd231cd4dd59b0160668b"},
    {file = "mypy-1.15.0-cp310-cp310-win_amd64.whl", hash = "sha256:6983aae8b2f653e098edb77f893f7b6aca69f6cffb19b2cc7443f23cce5f4828"},
    {file = "mypy-1.15.0-cp311-cp311-macosx_10_9_x86_64.whl", hash = "sha256:2922d42e16d6de288022e5ca321cd0618b238cfc5570e0263e5ba0a77dbef56f"},
    {file = "mypy-1.15.0-cp311-cp311-macosx_11_0_arm64.whl", hash = "sha256:2ee2d57e01a7c35de00f4634ba1bbf015185b219e4dc5909e281016df43f5ee5"},
    {file = "mypy-1.15.0-cp311-cp311-manylinux_2_17_aarch64.manylinux2014_aarch64.manylinux_2_28_aarch64.whl", hash = "sha256:973500e0774b85d9689715feeffcc980193086551110fd678ebe1f4342fb7c5e"},
    {file = "mypy-1.15.0-cp311-cp311-manylinux_2_17_x86_64.manylinux2014_x86_64.manylinux_2_28_x86_64.whl", hash = "sha256:5a95fb17c13e29d2d5195869262f8125dfdb5c134dc8d9a9d0aecf7525b10c2c"},
    {file = "mypy-1.15.0-cp311-cp311-musllinux_1_2_x86_64.whl", hash = "sha256:1905f494bfd7d85a23a88c5d97840888a7bd516545fc5aaedff0267e0bb54e2f"},
    {file = "mypy-1.15.0-cp311-cp311-win_amd64.whl", hash = "sha256:c9817fa23833ff189db061e6d2eff49b2f3b6ed9856b4a0a73046e41932d744f"},
    {file = "mypy-1.15.0-cp312-cp312-macosx_10_13_x86_64.whl", hash = "sha256:aea39e0583d05124836ea645f412e88a5c7d0fd77a6d694b60d9b6b2d9f184fd"},
    {file = "mypy-1.15.0-cp312-cp312-macosx_11_0_arm64.whl", hash = "sha256:2f2147ab812b75e5b5499b01ade1f4a81489a147c01585cda36019102538615f"},
    {file = "mypy-1.15.0-cp312-cp312-manylinux_2_17_aarch64.manylinux2014_aarch64.manylinux_2_28_aarch64.whl", hash = "sha256:ce436f4c6d218a070048ed6a44c0bbb10cd2cc5e272b29e7845f6a2f57ee4464"},
    {file = "mypy-1.15.0-cp312-cp312-manylinux_2_17_x86_64.manylinux2014_x86_64.manylinux_2_28_x86_64.whl", hash = "sha256:8023ff13985661b50a5928fc7a5ca15f3d1affb41e5f0a9952cb68ef090b31ee"},
    {file = "mypy-1.15.0-cp312-cp312-musllinux_1_2_x86_64.whl", hash = "sha256:1124a18bc11a6a62887e3e137f37f53fbae476dc36c185d549d4f837a2a6a14e"},
    {file = "mypy-1.15.0-cp312-cp312-win_amd64.whl", hash = "sha256:171a9ca9a40cd1843abeca0e405bc1940cd9b305eaeea2dda769ba096932bb22"},
    {file = "mypy-1.15.0-cp313-cp313-macosx_10_13_x86_64.whl", hash = "sha256:93faf3fdb04768d44bf28693293f3904bbb555d076b781ad2530214ee53e3445"},
    {file = "mypy-1.15.0-cp313-cp313-macosx_11_0_arm64.whl", hash = "sha256:811aeccadfb730024c5d3e326b2fbe9249bb7413553f15499a4050f7c30e801d"},
    {file = "mypy-1.15.0-cp313-cp313-manylinux_2_17_aarch64.manylinux2014_aarch64.manylinux_2_28_aarch64.whl", hash = "sha256:98b7b9b9aedb65fe628c62a6dc57f6d5088ef2dfca37903a7d9ee374d03acca5"},
    {file = "mypy-1.15.0-cp313-cp313-manylinux_2_17_x86_64.manylinux2014_x86_64.manylinux_2_28_x86_64.whl", hash = "sha256:c43a7682e24b4f576d93072216bf56eeff70d9140241f9edec0c104d0c515036"},
    {file = "mypy-1.15.0-cp313-cp313-musllinux_1_2_x86_64.whl", hash = "sha256:baefc32840a9f00babd83251560e0ae1573e2f9d1b067719479bfb0e987c6357"},
    {file = "mypy-1.15.0-cp313-cp313-win_amd64.whl", hash = "sha256:b9378e2c00146c44793c98b8d5a61039a048e31f429fb0eb546d93f4b000bedf"},
    {file = "mypy-1.15.0-cp39-cp39-macosx_10_9_x86_64.whl", hash = "sha256:e601a7fa172c2131bff456bb3ee08a88360760d0d2f8cbd7a75a65497e2df078"},
    {file = "mypy-1.15.0-cp39-cp39-macosx_11_0_arm64.whl", hash = "sha256:712e962a6357634fef20412699a3655c610110e01cdaa6180acec7fc9f8513ba"},
    {file = "mypy-1.15.0-cp39-cp39-manylinux_2_17_aarch64.manylinux2014_aarch64.manylinux_2_28_aarch64.whl", hash = "sha256:f95579473af29ab73a10bada2f9722856792a36ec5af5399b653aa28360290a5"},
    {file = "mypy-1.15.0-cp39-cp39-manylinux_2_17_x86_64.manylinux2014_x86_64.manylinux_2_28_x86_64.whl", hash = "sha256:8f8722560a14cde92fdb1e31597760dc35f9f5524cce17836c0d22841830fd5b"},
    {file = "mypy-1.15.0-cp39-cp39-musllinux_1_2_x86_64.whl", hash = "sha256:1fbb8da62dc352133d7d7ca90ed2fb0e9d42bb1a32724c287d3c76c58cbaa9c2"},
    {file = "mypy-1.15.0-cp39-cp39-win_amd64.whl", hash = "sha256:d10d994b41fb3497719bbf866f227b3489048ea4bbbb5015357db306249f7980"},
    {file = "mypy-1.15.0-py3-none-any.whl", hash = "sha256:5469affef548bd1895d86d3bf10ce2b44e33d86923c29e4d675b3e323437ea3e"},
    {file = "mypy-1.15.0.tar.gz", hash = "sha256:404534629d51d3efea5c800ee7c42b72a6554d6c400e6a79eafe15d11341fd43"},
]

[package.dependencies]
mypy_extensions = ">=1.0.0"
typing_extensions = ">=4.6.0"

[package.extras]
dmypy = ["psutil (>=4.0)"]
faster-cache = ["orjson"]
install-types = ["pip"]
mypyc = ["setuptools (>=50)"]
reports = ["lxml"]

[[package]]
name = "mypy-extensions"
version = "1.1.0"
description = "Type system extensions for programs checked with the mypy type checker."
optional = true
python-versions = ">=3.8"
groups = ["main"]
markers = "extra == \"mypy\""
files = [
    {file = "mypy_extensions-1.1.0-py3-none-any.whl", hash = "sha256:1be4cccdb0f2482337c4743e60421de3a356cd97508abadd57d47403e94f5505"},
    {file = "mypy_extensions-1.1.0.tar.gz", hash = "sha256:52e68efc3284861e772bbcd66823fde5ae21fd2fdb51c62a211403730b916558"},
]

[[package]]
name = "typing-extensions"
version = "4.13.2"
description = "Backported and Experimental Type Hints for Python 3.8+"
optional = true
python-versions = ">=3.8"
groups = ["main"]
markers = "extra == \"mypy\""
files = [
    {file = "typing_extensions-4.13.2-py3-none-any.whl", hash = "sha256:a439e7c04b49fec3e5d3e2beaa21755cadbbdc391694e28ccdd36ca4a1408f8c"},
    {file = "typing_extensions-4.13.2.tar.gz", hash = "sha256:e6c81219bd689f51865d9e372991c540bda33a0379d5573cddb9a3a23f7caaef"},
]

[extras]
mypy = ["mypy"]

[metadata]
lock-version = "2.1"
python-versions = ">=3.11.2"
content-hash = "e105685b586deecd5fd28610deca822619fff0902dfd628b09b24538245c8b71"
